// !$*UTF8*$!
{
	archiveVersion = 1;
	classes = {
	};
	objectVersion = 46;
	objects = {

/* Begin PBXBuildFile section */
		D647B25D1DEC4A3600642BAF /* AppDelegate.swift in Sources */ = {isa = PBXBuildFile; fileRef = D647B25C1DEC4A3600642BAF /* AppDelegate.swift */; };
		D647B25F1DEC4A3600642BAF /* FirstViewController.swift in Sources */ = {isa = PBXBuildFile; fileRef = D647B25E1DEC4A3600642BAF /* FirstViewController.swift */; };
		D647B2611DEC4A3600642BAF /* SecondViewController.swift in Sources */ = {isa = PBXBuildFile; fileRef = D647B2601DEC4A3600642BAF /* SecondViewController.swift */; };
		D647B2641DEC4A3600642BAF /* Main.storyboard in Resources */ = {isa = PBXBuildFile; fileRef = D647B2621DEC4A3600642BAF /* Main.storyboard */; };
		D647B2661DEC4A3600642BAF /* Images.xcassets in Resources */ = {isa = PBXBuildFile; fileRef = D647B2651DEC4A3600642BAF /* Images.xcassets */; };
		D647B2691DEC4A3600642BAF /* LaunchScreen.storyboard in Resources */ = {isa = PBXBuildFile; fileRef = D647B2671DEC4A3600642BAF /* LaunchScreen.storyboard */; };
		D647B2741DEC4A3600642BAF /* PositanoTests.swift in Sources */ = {isa = PBXBuildFile; fileRef = D647B2731DEC4A3600642BAF /* PositanoTests.swift */; };
		D647B2811DEC572F00642BAF /* PositanoUserDefaults.swift in Sources */ = {isa = PBXBuildFile; fileRef = D647B2801DEC572F00642BAF /* PositanoUserDefaults.swift */; };
		D647B2821DEC572F00642BAF /* PositanoUserDefaults.swift in Sources */ = {isa = PBXBuildFile; fileRef = D647B2801DEC572F00642BAF /* PositanoUserDefaults.swift */; };
		D647B2841DEC5A2600642BAF /* Config.swift in Sources */ = {isa = PBXBuildFile; fileRef = D647B2831DEC5A2600642BAF /* Config.swift */; };
		D647B2851DEC5A2600642BAF /* Config.swift in Sources */ = {isa = PBXBuildFile; fileRef = D647B2831DEC5A2600642BAF /* Config.swift */; };
/* End PBXBuildFile section */

/* Begin PBXContainerItemProxy section */
		D647B2701DEC4A3600642BAF /* PBXContainerItemProxy */ = {
			isa = PBXContainerItemProxy;
			containerPortal = D647B2511DEC4A3600642BAF /* Project object */;
			proxyType = 1;
			remoteGlobalIDString = D647B2581DEC4A3600642BAF;
			remoteInfo = Positano;
		};
/* End PBXContainerItemProxy section */

/* Begin PBXFileReference section */
		D647B2591DEC4A3600642BAF /* Positano.app */ = {isa = PBXFileReference; explicitFileType = wrapper.application; includeInIndex = 0; path = Positano.app; sourceTree = BUILT_PRODUCTS_DIR; };
		D647B25C1DEC4A3600642BAF /* AppDelegate.swift */ = {isa = PBXFileReference; lastKnownFileType = sourcecode.swift; path = AppDelegate.swift; sourceTree = "<group>"; };
		D647B25E1DEC4A3600642BAF /* FirstViewController.swift */ = {isa = PBXFileReference; lastKnownFileType = sourcecode.swift; path = FirstViewController.swift; sourceTree = "<group>"; };
		D647B2601DEC4A3600642BAF /* SecondViewController.swift */ = {isa = PBXFileReference; lastKnownFileType = sourcecode.swift; path = SecondViewController.swift; sourceTree = "<group>"; };
		D647B2631DEC4A3600642BAF /* Base */ = {isa = PBXFileReference; lastKnownFileType = file.storyboard; name = Base; path = Base.lproj/Main.storyboard; sourceTree = "<group>"; };
		D647B2651DEC4A3600642BAF /* Images.xcassets */ = {isa = PBXFileReference; lastKnownFileType = folder.assetcatalog; path = Images.xcassets; sourceTree = "<group>"; };
		D647B2681DEC4A3600642BAF /* Base */ = {isa = PBXFileReference; lastKnownFileType = file.storyboard; name = Base; path = Base.lproj/LaunchScreen.storyboard; sourceTree = "<group>"; };
		D647B26A1DEC4A3600642BAF /* Info.plist */ = {isa = PBXFileReference; lastKnownFileType = text.plist.xml; path = Info.plist; sourceTree = "<group>"; };
		D647B26F1DEC4A3600642BAF /* PositanoTests.xctest */ = {isa = PBXFileReference; explicitFileType = wrapper.cfbundle; includeInIndex = 0; path = PositanoTests.xctest; sourceTree = BUILT_PRODUCTS_DIR; };
		D647B2731DEC4A3600642BAF /* PositanoTests.swift */ = {isa = PBXFileReference; lastKnownFileType = sourcecode.swift; path = PositanoTests.swift; sourceTree = "<group>"; };
		D647B2751DEC4A3600642BAF /* Info.plist */ = {isa = PBXFileReference; lastKnownFileType = text.plist.xml; path = Info.plist; sourceTree = "<group>"; };
		D647B2801DEC572F00642BAF /* PositanoUserDefaults.swift */ = {isa = PBXFileReference; fileEncoding = 4; lastKnownFileType = sourcecode.swift; path = PositanoUserDefaults.swift; sourceTree = "<group>"; };
		D647B2831DEC5A2600642BAF /* Config.swift */ = {isa = PBXFileReference; fileEncoding = 4; lastKnownFileType = sourcecode.swift; path = Config.swift; sourceTree = "<group>"; };
/* End PBXFileReference section */

/* Begin PBXFrameworksBuildPhase section */
		D647B2561DEC4A3600642BAF /* Frameworks */ = {
			isa = PBXFrameworksBuildPhase;
			buildActionMask = 2147483647;
			files = (
			);
			runOnlyForDeploymentPostprocessing = 0;
		};
		D647B26C1DEC4A3600642BAF /* Frameworks */ = {
			isa = PBXFrameworksBuildPhase;
			buildActionMask = 2147483647;
			files = (
			);
			runOnlyForDeploymentPostprocessing = 0;
		};
/* End PBXFrameworksBuildPhase section */

/* Begin PBXGroup section */
		D647B2501DEC4A3600642BAF = {
			isa = PBXGroup;
			children = (
				D647B25B1DEC4A3600642BAF /* Positano */,
				D647B27E1DEC55E300642BAF /* PositanoKit */,
				D647B2721DEC4A3600642BAF /* PositanoTests */,
				D647B25A1DEC4A3600642BAF /* Products */,
			);
			sourceTree = "<group>";
		};
		D647B25A1DEC4A3600642BAF /* Products */ = {
			isa = PBXGroup;
			children = (
				D647B2591DEC4A3600642BAF /* Positano.app */,
				D647B26F1DEC4A3600642BAF /* PositanoTests.xctest */,
			);
			name = Products;
			sourceTree = "<group>";
		};
		D647B25B1DEC4A3600642BAF /* Positano */ = {
			isa = PBXGroup;
			children = (
				D647B25C1DEC4A3600642BAF /* AppDelegate.swift */,
				D647B25E1DEC4A3600642BAF /* FirstViewController.swift */,
				D647B2651DEC4A3600642BAF /* Images.xcassets */,
				D647B26A1DEC4A3600642BAF /* Info.plist */,
				D647B2671DEC4A3600642BAF /* LaunchScreen.storyboard */,
				D647B2621DEC4A3600642BAF /* Main.storyboard */,
				D647B2601DEC4A3600642BAF /* SecondViewController.swift */,
			);
			path = Positano;
			sourceTree = "<group>";
		};
		D647B2721DEC4A3600642BAF /* PositanoTests */ = {
			isa = PBXGroup;
			children = (
				D647B2751DEC4A3600642BAF /* Info.plist */,
				D647B2731DEC4A3600642BAF /* PositanoTests.swift */,
			);
			path = PositanoTests;
			sourceTree = "<group>";
		};
		D647B27E1DEC55E300642BAF /* PositanoKit */ = {
			isa = PBXGroup;
			children = (
				D647B27F1DEC570600642BAF /* UserDefaults */,
				D647B2831DEC5A2600642BAF /* Config.swift */,
			);
			path = PositanoKit;
			sourceTree = "<group>";
		};
		D647B27F1DEC570600642BAF /* UserDefaults */ = {
			isa = PBXGroup;
			children = (
				D647B2801DEC572F00642BAF /* PositanoUserDefaults.swift */,
			);
			path = UserDefaults;
			sourceTree = "<group>";
		};
/* End PBXGroup section */

/* Begin PBXNativeTarget section */
		D647B2581DEC4A3600642BAF /* Positano */ = {
			isa = PBXNativeTarget;
			buildConfigurationList = D647B2781DEC4A3600642BAF /* Build configuration list for PBXNativeTarget "Positano" */;
			buildPhases = (
				D647B2551DEC4A3600642BAF /* Sources */,
				D647B2561DEC4A3600642BAF /* Frameworks */,
				D647B2571DEC4A3600642BAF /* Resources */,
			);
			buildRules = (
			);
			dependencies = (
			);
			name = Positano;
			productName = Positano;
			productReference = D647B2591DEC4A3600642BAF /* Positano.app */;
			productType = "com.apple.product-type.application";
		};
		D647B26E1DEC4A3600642BAF /* PositanoTests */ = {
			isa = PBXNativeTarget;
			buildConfigurationList = D647B27B1DEC4A3600642BAF /* Build configuration list for PBXNativeTarget "PositanoTests" */;
			buildPhases = (
				D647B26B1DEC4A3600642BAF /* Sources */,
				D647B26C1DEC4A3600642BAF /* Frameworks */,
				D647B26D1DEC4A3600642BAF /* Resources */,
			);
			buildRules = (
			);
			dependencies = (
				D647B2711DEC4A3600642BAF /* PBXTargetDependency */,
			);
			name = PositanoTests;
			productName = PositanoTests;
			productReference = D647B26F1DEC4A3600642BAF /* PositanoTests.xctest */;
			productType = "com.apple.product-type.bundle.unit-test";
		};
/* End PBXNativeTarget section */

/* Begin PBXProject section */
		D647B2511DEC4A3600642BAF /* Project object */ = {
			isa = PBXProject;
			attributes = {
				LastSwiftUpdateCheck = 0800;
				LastUpgradeCheck = 0800;
				ORGANIZATIONNAME = dinglin;
				TargetAttributes = {
					D647B2581DEC4A3600642BAF = {
						CreatedOnToolsVersion = 8.0;
						DevelopmentTeam = SFZX37BH94;
						ProvisioningStyle = Automatic;
					};
					D647B26E1DEC4A3600642BAF = {
						CreatedOnToolsVersion = 8.0;
						DevelopmentTeam = U3ANN6J6MB;
						ProvisioningStyle = Automatic;
						TestTargetID = D647B2581DEC4A3600642BAF;
					};
				};
			};
			buildConfigurationList = D647B2541DEC4A3600642BAF /* Build configuration list for PBXProject "Positano" */;
			compatibilityVersion = "Xcode 3.2";
			developmentRegion = English;
			hasScannedForEncodings = 0;
			knownRegions = (
				en,
				Base,
			);
			mainGroup = D647B2501DEC4A3600642BAF;
			productRefGroup = D647B25A1DEC4A3600642BAF /* Products */;
			projectDirPath = "";
			projectRoot = "";
			targets = (
				D647B2581DEC4A3600642BAF /* Positano */,
				D647B26E1DEC4A3600642BAF /* PositanoTests */,
			);
		};
/* End PBXProject section */

/* Begin PBXResourcesBuildPhase section */
		D647B2571DEC4A3600642BAF /* Resources */ = {
			isa = PBXResourcesBuildPhase;
			buildActionMask = 2147483647;
			files = (
				D647B2691DEC4A3600642BAF /* LaunchScreen.storyboard in Resources */,
				D647B2661DEC4A3600642BAF /* Images.xcassets in Resources */,
				D647B2641DEC4A3600642BAF /* Main.storyboard in Resources */,
			);
			runOnlyForDeploymentPostprocessing = 0;
		};
		D647B26D1DEC4A3600642BAF /* Resources */ = {
			isa = PBXResourcesBuildPhase;
			buildActionMask = 2147483647;
			files = (
			);
			runOnlyForDeploymentPostprocessing = 0;
		};
/* End PBXResourcesBuildPhase section */

/* Begin PBXSourcesBuildPhase section */
		D647B2551DEC4A3600642BAF /* Sources */ = {
			isa = PBXSourcesBuildPhase;
			buildActionMask = 2147483647;
			files = (
				D647B2611DEC4A3600642BAF /* SecondViewController.swift in Sources */,
				D647B2811DEC572F00642BAF /* PositanoUserDefaults.swift in Sources */,
				D647B2841DEC5A2600642BAF /* Config.swift in Sources */,
				D647B25D1DEC4A3600642BAF /* AppDelegate.swift in Sources */,
				D647B25F1DEC4A3600642BAF /* FirstViewController.swift in Sources */,
			);
			runOnlyForDeploymentPostprocessing = 0;
		};
		D647B26B1DEC4A3600642BAF /* Sources */ = {
			isa = PBXSourcesBuildPhase;
			buildActionMask = 2147483647;
			files = (
				D647B2741DEC4A3600642BAF /* PositanoTests.swift in Sources */,
				D647B2821DEC572F00642BAF /* PositanoUserDefaults.swift in Sources */,
				D647B2851DEC5A2600642BAF /* Config.swift in Sources */,
			);
			runOnlyForDeploymentPostprocessing = 0;
		};
/* End PBXSourcesBuildPhase section */

/* Begin PBXTargetDependency section */
		D647B2711DEC4A3600642BAF /* PBXTargetDependency */ = {
			isa = PBXTargetDependency;
			target = D647B2581DEC4A3600642BAF /* Positano */;
			targetProxy = D647B2701DEC4A3600642BAF /* PBXContainerItemProxy */;
		};
/* End PBXTargetDependency section */

/* Begin PBXVariantGroup section */
		D647B2621DEC4A3600642BAF /* Main.storyboard */ = {
			isa = PBXVariantGroup;
			children = (
				D647B2631DEC4A3600642BAF /* Base */,
			);
			name = Main.storyboard;
			path = .;
			sourceTree = "<group>";
		};
		D647B2671DEC4A3600642BAF /* LaunchScreen.storyboard */ = {
			isa = PBXVariantGroup;
			children = (
				D647B2681DEC4A3600642BAF /* Base */,
			);
			name = LaunchScreen.storyboard;
			path = .;
			sourceTree = "<group>";
		};
/* End PBXVariantGroup section */

/* Begin XCBuildConfiguration section */
		D647B2761DEC4A3600642BAF /* Debug */ = {
			isa = XCBuildConfiguration;
			buildSettings = {
				ALWAYS_SEARCH_USER_PATHS = NO;
				CLANG_ANALYZER_NONNULL = YES;
				CLANG_CXX_LANGUAGE_STANDARD = "gnu++0x";
				CLANG_CXX_LIBRARY = "libc++";
				CLANG_ENABLE_MODULES = YES;
				CLANG_ENABLE_OBJC_ARC = YES;
				CLANG_WARN_BOOL_CONVERSION = YES;
				CLANG_WARN_CONSTANT_CONVERSION = YES;
				CLANG_WARN_DIRECT_OBJC_ISA_USAGE = YES_ERROR;
				CLANG_WARN_DOCUMENTATION_COMMENTS = YES;
				CLANG_WARN_EMPTY_BODY = YES;
				CLANG_WARN_ENUM_CONVERSION = YES;
				CLANG_WARN_INFINITE_RECURSION = YES;
				CLANG_WARN_INT_CONVERSION = YES;
				CLANG_WARN_OBJC_ROOT_CLASS = YES_ERROR;
				CLANG_WARN_SUSPICIOUS_MOVES = YES;
				CLANG_WARN_UNREACHABLE_CODE = YES;
				CLANG_WARN__DUPLICATE_METHOD_MATCH = YES;
				"CODE_SIGN_IDENTITY[sdk=iphoneos*]" = "iPhone Developer";
				COPY_PHASE_STRIP = NO;
				DEBUG_INFORMATION_FORMAT = dwarf;
				ENABLE_STRICT_OBJC_MSGSEND = YES;
				ENABLE_TESTABILITY = YES;
				GCC_C_LANGUAGE_STANDARD = gnu99;
				GCC_DYNAMIC_NO_PIC = NO;
				GCC_NO_COMMON_BLOCKS = YES;
				GCC_OPTIMIZATION_LEVEL = 0;
				GCC_PREPROCESSOR_DEFINITIONS = (
					"DEBUG=1",
					"$(inherited)",
				);
				GCC_WARN_64_TO_32_BIT_CONVERSION = YES;
				GCC_WARN_ABOUT_RETURN_TYPE = YES_ERROR;
				GCC_WARN_UNDECLARED_SELECTOR = YES;
				GCC_WARN_UNINITIALIZED_AUTOS = YES_AGGRESSIVE;
				GCC_WARN_UNUSED_FUNCTION = YES;
				GCC_WARN_UNUSED_VARIABLE = YES;
				IPHONEOS_DEPLOYMENT_TARGET = 10.0;
				MTL_ENABLE_DEBUG_INFO = YES;
				ONLY_ACTIVE_ARCH = YES;
				SDKROOT = iphoneos;
				SWIFT_ACTIVE_COMPILATION_CONDITIONS = DEBUG;
				SWIFT_OPTIMIZATION_LEVEL = "-Onone";
				TARGETED_DEVICE_FAMILY = "1,2";
			};
			name = Debug;
		};
		D647B2771DEC4A3600642BAF /* Release */ = {
			isa = XCBuildConfiguration;
			buildSettings = {
				ALWAYS_SEARCH_USER_PATHS = NO;
				CLANG_ANALYZER_NONNULL = YES;
				CLANG_CXX_LANGUAGE_STANDARD = "gnu++0x";
				CLANG_CXX_LIBRARY = "libc++";
				CLANG_ENABLE_MODULES = YES;
				CLANG_ENABLE_OBJC_ARC = YES;
				CLANG_WARN_BOOL_CONVERSION = YES;
				CLANG_WARN_CONSTANT_CONVERSION = YES;
				CLANG_WARN_DIRECT_OBJC_ISA_USAGE = YES_ERROR;
				CLANG_WARN_DOCUMENTATION_COMMENTS = YES;
				CLANG_WARN_EMPTY_BODY = YES;
				CLANG_WARN_ENUM_CONVERSION = YES;
				CLANG_WARN_INFINITE_RECURSION = YES;
				CLANG_WARN_INT_CONVERSION = YES;
				CLANG_WARN_OBJC_ROOT_CLASS = YES_ERROR;
				CLANG_WARN_SUSPICIOUS_MOVES = YES;
				CLANG_WARN_UNREACHABLE_CODE = YES;
				CLANG_WARN__DUPLICATE_METHOD_MATCH = YES;
				"CODE_SIGN_IDENTITY[sdk=iphoneos*]" = "iPhone Developer";
				COPY_PHASE_STRIP = NO;
				DEBUG_INFORMATION_FORMAT = "dwarf-with-dsym";
				ENABLE_NS_ASSERTIONS = NO;
				ENABLE_STRICT_OBJC_MSGSEND = YES;
				GCC_C_LANGUAGE_STANDARD = gnu99;
				GCC_NO_COMMON_BLOCKS = YES;
				GCC_WARN_64_TO_32_BIT_CONVERSION = YES;
				GCC_WARN_ABOUT_RETURN_TYPE = YES_ERROR;
				GCC_WARN_UNDECLARED_SELECTOR = YES;
				GCC_WARN_UNINITIALIZED_AUTOS = YES_AGGRESSIVE;
				GCC_WARN_UNUSED_FUNCTION = YES;
				GCC_WARN_UNUSED_VARIABLE = YES;
				IPHONEOS_DEPLOYMENT_TARGET = 10.0;
				MTL_ENABLE_DEBUG_INFO = NO;
				SDKROOT = iphoneos;
				SWIFT_OPTIMIZATION_LEVEL = "-Owholemodule";
				TARGETED_DEVICE_FAMILY = "1,2";
				VALIDATE_PRODUCT = YES;
			};
			name = Release;
		};
		D647B2791DEC4A3600642BAF /* Debug */ = {
			isa = XCBuildConfiguration;
			buildSettings = {
				ASSETCATALOG_COMPILER_APPICON_NAME = AppIcon;
				"CODE_SIGN_IDENTITY[sdk=iphoneos*]" = "iPhone Developer";
				DEVELOPMENT_TEAM = SFZX37BH94;
				INFOPLIST_FILE = Positano/Info.plist;
				IPHONEOS_DEPLOYMENT_TARGET = 9.0;
				LD_RUNPATH_SEARCH_PATHS = "$(inherited) @executable_path/Frameworks";
				PRODUCT_BUNDLE_IDENTIFIER = com.hangzhou.positano;
				PRODUCT_NAME = "$(TARGET_NAME)";
				PROVISIONING_PROFILE = "";
				PROVISIONING_PROFILE_SPECIFIER = "";
				SWIFT_VERSION = 3.0;
			};
			name = Debug;
		};
		D647B27A1DEC4A3600642BAF /* Release */ = {
			isa = XCBuildConfiguration;
			buildSettings = {
				ASSETCATALOG_COMPILER_APPICON_NAME = AppIcon;
				"CODE_SIGN_IDENTITY[sdk=iphoneos*]" = "iPhone Developer";
				DEVELOPMENT_TEAM = SFZX37BH94;
				INFOPLIST_FILE = Positano/Info.plist;
				IPHONEOS_DEPLOYMENT_TARGET = 9.0;
				LD_RUNPATH_SEARCH_PATHS = "$(inherited) @executable_path/Frameworks";
				PRODUCT_BUNDLE_IDENTIFIER = com.hangzhou.positano;
				PRODUCT_NAME = "$(TARGET_NAME)";
				PROVISIONING_PROFILE = "";
				PROVISIONING_PROFILE_SPECIFIER = "";
				SWIFT_VERSION = 3.0;
			};
			name = Release;
		};
		D647B27C1DEC4A3600642BAF /* Debug */ = {
			isa = XCBuildConfiguration;
			buildSettings = {
				ALWAYS_EMBED_SWIFT_STANDARD_LIBRARIES = YES;
				BUNDLE_LOADER = "$(TEST_HOST)";
				DEVELOPMENT_TEAM = U3ANN6J6MB;
				INFOPLIST_FILE = PositanoTests/Info.plist;
				LD_RUNPATH_SEARCH_PATHS = "$(inherited) @executable_path/Frameworks @loader_path/Frameworks";
				PRODUCT_BUNDLE_IDENTIFIER = Hangzhou.PositanoTests;
				PRODUCT_NAME = "$(TARGET_NAME)";
				SWIFT_VERSION = 3.0;
				TEST_HOST = "$(BUILT_PRODUCTS_DIR)/Positano.app/Positano";
			};
			name = Debug;
		};
		D647B27D1DEC4A3600642BAF /* Release */ = {
			isa = XCBuildConfiguration;
			buildSettings = {
				ALWAYS_EMBED_SWIFT_STANDARD_LIBRARIES = YES;
				BUNDLE_LOADER = "$(TEST_HOST)";
				DEVELOPMENT_TEAM = U3ANN6J6MB;
				INFOPLIST_FILE = PositanoTests/Info.plist;
				LD_RUNPATH_SEARCH_PATHS = "$(inherited) @executable_path/Frameworks @loader_path/Frameworks";
				PRODUCT_BUNDLE_IDENTIFIER = Hangzhou.PositanoTests;
				PRODUCT_NAME = "$(TARGET_NAME)";
				SWIFT_VERSION = 3.0;
				TEST_HOST = "$(BUILT_PRODUCTS_DIR)/Positano.app/Positano";
			};
			name = Release;
		};
/* End XCBuildConfiguration section */

/* Begin XCConfigurationList section */
		D647B2541DEC4A3600642BAF /* Build configuration list for PBXProject "Positano" */ = {
			isa = XCConfigurationList;
			buildConfigurations = (
				D647B2761DEC4A3600642BAF /* Debug */,
				D647B2771DEC4A3600642BAF /* Release */,
			);
			defaultConfigurationIsVisible = 0;
			defaultConfigurationName = Release;
		};
		D647B2781DEC4A3600642BAF /* Build configuration list for PBXNativeTarget "Positano" */ = {
			isa = XCConfigurationList;
			buildConfigurations = (
				D647B2791DEC4A3600642BAF /* Debug */,
				D647B27A1DEC4A3600642BAF /* Release */,
			);
			defaultConfigurationIsVisible = 0;
			defaultConfigurationName = Release;
		};
		D647B27B1DEC4A3600642BAF /* Build configuration list for PBXNativeTarget "PositanoTests" */ = {
			isa = XCConfigurationList;
			buildConfigurations = (
				D647B27C1DEC4A3600642BAF /* Debug */,
				D647B27D1DEC4A3600642BAF /* Release */,
			);
			defaultConfigurationIsVisible = 0;
			defaultConfigurationName = Release;
		};
/* End XCConfigurationList section */
	};
	rootObject = D647B2511DEC4A3600642BAF /* Project object */;
}
